
Microsoft Visual Studio Solution File, Format Version 12.00
Project("{FAE04EC0-301F-11D3-BF4B-00C04F79EFBC}") = "TexasHoldem.ConsoleUI", "TexasHoldem.ConsoleUI\TexasHoldem.ConsoleUI.csproj", "{398DB1E2-763C-478E-A03A-C720B55C5F9B}"
EndProject
Project("{FAE04EC0-301F-11D3-BF4B-00C04F79EFBC}") = "TexasHoldem.Domain", "TexasHoldem.Domain\TexasHoldem.Domain.csproj", "{A4F61DDD-A80D-4331-AAEC-1EAB179F7202}"
EndProject
Project("{2150E333-8FDC-42A3-9474-1A3956D46DE8}") = "tests", "tests", "{5265E8CA-C3F0-47B0-B810-C8CED26F1392}"
EndProject
Project("{FAE04EC0-301F-11D3-BF4B-00C04F79EFBC}") = "TexasHoldem.Domain.UnitTests", "TexasHoldem.Domain.UnitTests\TexasHoldem.Domain.UnitTests.csproj", "{E0C9EFF0-2D0F-4901-8951-32A9B5EE7624}"
EndProject
Project("{FAE04EC0-301F-11D3-BF4B-00C04F79EFBC}") = "TexasHoldem.WpfUI", "TexasHoldem.WpfUI\TexasHoldem.WpfUI.csproj", "{538BF34C-D755-4B96-ADC0-8192106E3403}"
EndProject
Global
	GlobalSection(SolutionConfigurationPlatforms) = preSolution
		Debug|Any CPU = Debug|Any CPU
		Release|Any CPU = Release|Any CPU
	EndGlobalSection
	GlobalSection(ProjectConfigurationPlatforms) = postSolution
		{398DB1E2-763C-478E-A03A-C720B55C5F9B}.Debug|Any CPU.ActiveCfg = Debug|Any CPU
		{398DB1E2-763C-478E-A03A-C720B55C5F9B}.Debug|Any CPU.Build.0 = Debug|Any CPU
		{398DB1E2-763C-478E-A03A-C720B55C5F9B}.Release|Any CPU.ActiveCfg = Release|Any CPU
		{398DB1E2-763C-478E-A03A-C720B55C5F9B}.Release|Any CPU.Build.0 = Release|Any CPU
		{A4F61DDD-A80D-4331-AAEC-1EAB179F7202}.Debug|Any CPU.ActiveCfg = Debug|Any CPU
		{A4F61DDD-A80D-4331-AAEC-1EAB179F7202}.Debug|Any CPU.Build.0 = Debug|Any CPU
		{A4F61DDD-A80D-4331-AAEC-1EAB179F7202}.Release|Any CPU.ActiveCfg = Release|Any CPU
		{A4F61DDD-A80D-4331-AAEC-1EAB179F7202}.Release|Any CPU.Build.0 = Release|Any CPU
		{E0C9EFF0-2D0F-4901-8951-32A9B5EE7624}.Debug|Any CPU.ActiveCfg = Debug|Any CPU
		{E0C9EFF0-2D0F-4901-8951-32A9B5EE7624}.Debug|Any CPU.Build.0 = Debug|Any CPU
		{E0C9EFF0-2D0F-4901-8951-32A9B5EE7624}.Release|Any CPU.ActiveCfg = Release|Any CPU
		{E0C9EFF0-2D0F-4901-8951-32A9B5EE7624}.Release|Any CPU.Build.0 = Release|Any CPU
		{538BF34C-D755-4B96-ADC0-8192106E3403}.Debug|Any CPU.ActiveCfg = Debug|Any CPU
		{538BF34C-D755-4B96-ADC0-8192106E3403}.Debug|Any CPU.Build.0 = Debug|Any CPU
		{538BF34C-D755-4B96-ADC0-8192106E3403}.Release|Any CPU.ActiveCfg = Release|Any CPU
		{538BF34C-D755-4B96-ADC0-8192106E3403}.Release|Any CPU.Build.0 = Release|Any CPU
	EndGlobalSection
	GlobalSection(NestedProjects) = preSolution
		{E0C9EFF0-2D0F-4901-8951-32A9B5EE7624} = {5265E8CA-C3F0-47B0-B810-C8CED26F1392}
	EndGlobalSection
EndGlobal
